// !$*UTF8*$!
{
	archiveVersion = 1;
	classes = {
	};
	objectVersion = 50;
	objects = {

/* Begin PBXBuildFile section */
		61176F5B2514FDDA0086209F /* main.swift in Sources */ = {isa = PBXBuildFile; fileRef = 61176F5A2514FDDA0086209F /* main.swift */; };
		61176F99251500B40086209F /* SourceGenerator.swift in Sources */ = {isa = PBXBuildFile; fileRef = 61176F7E2514FEF50086209F /* SourceGenerator.swift */; };
		61176F9A251500B40086209F /* MergeSortParallelTests.swift in Sources */ = {isa = PBXBuildFile; fileRef = 61176F842514FFB70086209F /* MergeSortParallelTests.swift */; };
		61176F9B251500B40086209F /* MergeSortTests.swift in Sources */ = {isa = PBXBuildFile; fileRef = 61176F682514FE7B0086209F /* MergeSortTests.swift */; };
		61176FA62515017D0086209F /* MergeSort.swift in Sources */ = {isa = PBXBuildFile; fileRef = 61176F652514FE3A0086209F /* MergeSort.swift */; };
		61176FA72515017D0086209F /* MergeSortParallel.swift in Sources */ = {isa = PBXBuildFile; fileRef = 61176F622514FDEC0086209F /* MergeSortParallel.swift */; };
		61176FAD251501E70086209F /* NativeSortTests.swift in Sources */ = {isa = PBXBuildFile; fileRef = 61176FAC251501E70086209F /* NativeSortTests.swift */; };
		61176FBD251503080086209F /* MergeSortOneArrayTests.swift in Sources */ = {isa = PBXBuildFile; fileRef = 61176FBC251503080086209F /* MergeSortOneArrayTests.swift */; };
		61176FC1251503150086209F /* MergeSortOneArray.swift in Sources */ = {isa = PBXBuildFile; fileRef = 61176FC0251503150086209F /* MergeSortOneArray.swift */; };
/* End PBXBuildFile section */

/* Begin PBXCopyFilesBuildPhase section */
		61176F552514FDDA0086209F /* CopyFiles */ = {
			isa = PBXCopyFilesBuildPhase;
			buildActionMask = 2147483647;
			dstPath = /usr/share/man/man1/;
			dstSubfolderSpec = 0;
			files = (
			);
			runOnlyForDeploymentPostprocessing = 1;
		};
/* End PBXCopyFilesBuildPhase section */

/* Begin PBXFileReference section */
		61176F572514FDDA0086209F /* MergeSort */ = {isa = PBXFileReference; explicitFileType = "compiled.mach-o.executable"; includeInIndex = 0; path = MergeSort; sourceTree = BUILT_PRODUCTS_DIR; };
		61176F5A2514FDDA0086209F /* main.swift */ = {isa = PBXFileReference; lastKnownFileType = sourcecode.swift; path = main.swift; sourceTree = "<group>"; };
		61176F622514FDEC0086209F /* MergeSortParallel.swift */ = {isa = PBXFileReference; lastKnownFileType = sourcecode.swift; path = MergeSortParallel.swift; sourceTree = "<group>"; };
		61176F652514FE3A0086209F /* MergeSort.swift */ = {isa = PBXFileReference; lastKnownFileType = sourcecode.swift; path = MergeSort.swift; sourceTree = "<group>"; };
		61176F682514FE7B0086209F /* MergeSortTests.swift */ = {isa = PBXFileReference; lastKnownFileType = sourcecode.swift; path = MergeSortTests.swift; sourceTree = "<group>"; };
		61176F7E2514FEF50086209F /* SourceGenerator.swift */ = {isa = PBXFileReference; lastKnownFileType = sourcecode.swift; path = SourceGenerator.swift; sourceTree = "<group>"; };
		61176F842514FFB70086209F /* MergeSortParallelTests.swift */ = {isa = PBXFileReference; lastKnownFileType = sourcecode.swift; path = MergeSortParallelTests.swift; sourceTree = "<group>"; };
		61176F8F251500AB0086209F /* MergeSortTests.xctest */ = {isa = PBXFileReference; explicitFileType = wrapper.cfbundle; includeInIndex = 0; path = MergeSortTests.xctest; sourceTree = BUILT_PRODUCTS_DIR; };
		61176F93251500AB0086209F /* Info.plist */ = {isa = PBXFileReference; lastKnownFileType = text.plist.xml; path = Info.plist; sourceTree = "<group>"; };
		61176FAC251501E70086209F /* NativeSortTests.swift */ = {isa = PBXFileReference; lastKnownFileType = sourcecode.swift; path = NativeSortTests.swift; sourceTree = "<group>"; };
		61176FBC251503080086209F /* MergeSortOneArrayTests.swift */ = {isa = PBXFileReference; lastKnownFileType = sourcecode.swift; path = MergeSortOneArrayTests.swift; sourceTree = "<group>"; };
		61176FC0251503150086209F /* MergeSortOneArray.swift */ = {isa = PBXFileReference; lastKnownFileType = sourcecode.swift; path = MergeSortOneArray.swift; sourceTree = "<group>"; };
/* End PBXFileReference section */

/* Begin PBXFrameworksBuildPhase section */
		61176F542514FDDA0086209F /* Frameworks */ = {
			isa = PBXFrameworksBuildPhase;
			buildActionMask = 2147483647;
			files = (
			);
			runOnlyForDeploymentPostprocessing = 0;
		};
		61176F8C251500AB0086209F /* Frameworks */ = {
			isa = PBXFrameworksBuildPhase;
			buildActionMask = 2147483647;
			files = (
			);
			runOnlyForDeploymentPostprocessing = 0;
		};
/* End PBXFrameworksBuildPhase section */

/* Begin PBXGroup section */
		61176F4E2514FDDA0086209F = {
			isa = PBXGroup;
			children = (
				61176F592514FDDA0086209F /* MergeSort */,
				61176F90251500AB0086209F /* MergeSortTests */,
				61176F582514FDDA0086209F /* Products */,
			);
			sourceTree = "<group>";
		};
		61176F582514FDDA0086209F /* Products */ = {
			isa = PBXGroup;
			children = (
				61176F572514FDDA0086209F /* MergeSort */,
				61176F8F251500AB0086209F /* MergeSortTests.xctest */,
			);
			name = Products;
			sourceTree = "<group>";
		};
		61176F592514FDDA0086209F /* MergeSort */ = {
			isa = PBXGroup;
			children = (
				61176F5A2514FDDA0086209F /* main.swift */,
			);
			path = MergeSort;
			sourceTree = "<group>";
		};
		61176F90251500AB0086209F /* MergeSortTests */ = {
			isa = PBXGroup;
			children = (
				61176FB5251502460086209F /* Source */,
				61176FB42515023C0086209F /* Tests */,
				61176F93251500AB0086209F /* Info.plist */,
			);
			path = MergeSortTests;
			sourceTree = "<group>";
		};
		61176FB42515023C0086209F /* Tests */ = {
			isa = PBXGroup;
			children = (
				61176FAC251501E70086209F /* NativeSortTests.swift */,
				61176F682514FE7B0086209F /* MergeSortTests.swift */,
				61176F842514FFB70086209F /* MergeSortParallelTests.swift */,
				61176FBC251503080086209F /* MergeSortOneArrayTests.swift */,
			);
			path = Tests;
			sourceTree = "<group>";
		};
		61176FB5251502460086209F /* Source */ = {
			isa = PBXGroup;
			children = (
				61176F7E2514FEF50086209F /* SourceGenerator.swift */,
				61176F622514FDEC0086209F /* MergeSortParallel.swift */,
				61176F652514FE3A0086209F /* MergeSort.swift */,
				61176FC0251503150086209F /* MergeSortOneArray.swift */,
			);
			path = Source;
			sourceTree = "<group>";
		};
/* End PBXGroup section */

/* Begin PBXNativeTarget section */
		61176F562514FDDA0086209F /* MergeSort */ = {
			isa = PBXNativeTarget;
			buildConfigurationList = 61176F5E2514FDDA0086209F /* Build configuration list for PBXNativeTarget "MergeSort" */;
			buildPhases = (
				61176F532514FDDA0086209F /* Sources */,
				61176F542514FDDA0086209F /* Frameworks */,
				61176F552514FDDA0086209F /* CopyFiles */,
			);
			buildRules = (
			);
			dependencies = (
			);
			name = MergeSort;
			productName = MergeSort;
			productReference = 61176F572514FDDA0086209F /* MergeSort */;
			productType = "com.apple.product-type.tool";
		};
		61176F8E251500AB0086209F /* MergeSortTests */ = {
			isa = PBXNativeTarget;
			buildConfigurationList = 61176F94251500AB0086209F /* Build configuration list for PBXNativeTarget "MergeSortTests" */;
			buildPhases = (
				61176F8B251500AB0086209F /* Sources */,
				61176F8C251500AB0086209F /* Frameworks */,
				61176F8D251500AB0086209F /* Resources */,
			);
			buildRules = (
			);
			dependencies = (
			);
			name = MergeSortTests;
			productName = MergeSortTests;
			productReference = 61176F8F251500AB0086209F /* MergeSortTests.xctest */;
			productType = "com.apple.product-type.bundle.unit-test";
		};
/* End PBXNativeTarget section */

/* Begin PBXProject section */
		61176F4F2514FDDA0086209F /* Project object */ = {
			isa = PBXProject;
			attributes = {
				LastSwiftUpdateCheck = 1200;
				LastUpgradeCheck = 1200;
				TargetAttributes = {
					61176F562514FDDA0086209F = {
						CreatedOnToolsVersion = 12.0;
					};
					61176F8E251500AB0086209F = {
						CreatedOnToolsVersion = 12.0;
					};
				};
			};
			buildConfigurationList = 61176F522514FDDA0086209F /* Build configuration list for PBXProject "MergeSort" */;
			compatibilityVersion = "Xcode 9.3";
			developmentRegion = en;
			hasScannedForEncodings = 0;
			knownRegions = (
				en,
				Base,
			);
			mainGroup = 61176F4E2514FDDA0086209F;
			productRefGroup = 61176F582514FDDA0086209F /* Products */;
			projectDirPath = "";
			projectRoot = "";
			targets = (
				61176F562514FDDA0086209F /* MergeSort */,
				61176F8E251500AB0086209F /* MergeSortTests */,
			);
		};
/* End PBXProject section */

/* Begin PBXResourcesBuildPhase section */
		61176F8D251500AB0086209F /* Resources */ = {
			isa = PBXResourcesBuildPhase;
			buildActionMask = 2147483647;
			files = (
			);
			runOnlyForDeploymentPostprocessing = 0;
		};
/* End PBXResourcesBuildPhase section */

/* Begin PBXSourcesBuildPhase section */
		61176F532514FDDA0086209F /* Sources */ = {
			isa = PBXSourcesBuildPhase;
			buildActionMask = 2147483647;
			files = (
				61176F5B2514FDDA0086209F /* main.swift in Sources */,
			);
			runOnlyForDeploymentPostprocessing = 0;
		};
		61176F8B251500AB0086209F /* Sources */ = {
			isa = PBXSourcesBuildPhase;
			buildActionMask = 2147483647;
			files = (
				61176FA72515017D0086209F /* MergeSortParallel.swift in Sources */,
				61176F99251500B40086209F /* SourceGenerator.swift in Sources */,
				61176F9A251500B40086209F /* MergeSortParallelTests.swift in Sources */,
				61176FC1251503150086209F /* MergeSortOneArray.swift in Sources */,
				61176F9B251500B40086209F /* MergeSortTests.swift in Sources */,
				61176FAD251501E70086209F /* NativeSortTests.swift in Sources */,
				61176FBD251503080086209F /* MergeSortOneArrayTests.swift in Sources */,
				61176FA62515017D0086209F /* MergeSort.swift in Sources */,
			);
			runOnlyForDeploymentPostprocessing = 0;
		};
/* End PBXSourcesBuildPhase section */

/* Begin XCBuildConfiguration section */
		61176F5C2514FDDA0086209F /* Debug */ = {
			isa = XCBuildConfiguration;
			buildSettings = {
				ALWAYS_SEARCH_USER_PATHS = NO;
				CLANG_ANALYZER_NONNULL = YES;
				CLANG_ANALYZER_NUMBER_OBJECT_CONVERSION = YES_AGGRESSIVE;
				CLANG_CXX_LANGUAGE_STANDARD = "gnu++14";
				CLANG_CXX_LIBRARY = "libc++";
				CLANG_ENABLE_MODULES = YES;
				CLANG_ENABLE_OBJC_ARC = YES;
				CLANG_ENABLE_OBJC_WEAK = YES;
				CLANG_WARN_BLOCK_CAPTURE_AUTORELEASING = YES;
				CLANG_WARN_BOOL_CONVERSION = YES;
				CLANG_WARN_COMMA = YES;
				CLANG_WARN_CONSTANT_CONVERSION = YES;
				CLANG_WARN_DEPRECATED_OBJC_IMPLEMENTATIONS = YES;
				CLANG_WARN_DIRECT_OBJC_ISA_USAGE = YES_ERROR;
				CLANG_WARN_DOCUMENTATION_COMMENTS = YES;
				CLANG_WARN_EMPTY_BODY = YES;
				CLANG_WARN_ENUM_CONVERSION = YES;
				CLANG_WARN_INFINITE_RECURSION = YES;
				CLANG_WARN_INT_CONVERSION = YES;
				CLANG_WARN_NON_LITERAL_NULL_CONVERSION = YES;
				CLANG_WARN_OBJC_IMPLICIT_RETAIN_SELF = YES;
				CLANG_WARN_OBJC_LITERAL_CONVERSION = YES;
				CLANG_WARN_OBJC_ROOT_CLASS = YES_ERROR;
				CLANG_WARN_QUOTED_INCLUDE_IN_FRAMEWORK_HEADER = YES;
				CLANG_WARN_RANGE_LOOP_ANALYSIS = YES;
				CLANG_WARN_STRICT_PROTOTYPES = YES;
				CLANG_WARN_SUSPICIOUS_MOVE = YES;
				CLANG_WARN_UNGUARDED_AVAILABILITY = YES_AGGRESSIVE;
				CLANG_WARN_UNREACHABLE_CODE = YES;
				CLANG_WARN__DUPLICATE_METHOD_MATCH = YES;
				COPY_PHASE_STRIP = NO;
				DEBUG_INFORMATION_FORMAT = dwarf;
				ENABLE_STRICT_OBJC_MSGSEND = YES;
				ENABLE_TESTABILITY = YES;
				GCC_C_LANGUAGE_STANDARD = gnu11;
				GCC_DYNAMIC_NO_PIC = NO;
				GCC_NO_COMMON_BLOCKS = YES;
				GCC_OPTIMIZATION_LEVEL = 0;
				GCC_PREPROCESSOR_DEFINITIONS = (
					"DEBUG=1",
					"$(inherited)",
				);
				GCC_WARN_64_TO_32_BIT_CONVERSION = YES;
				GCC_WARN_ABOUT_RETURN_TYPE = YES_ERROR;
				GCC_WARN_UNDECLARED_SELECTOR = YES;
				GCC_WARN_UNINITIALIZED_AUTOS = YES_AGGRESSIVE;
				GCC_WARN_UNUSED_FUNCTION = YES;
				GCC_WARN_UNUSED_VARIABLE = YES;
				MACOSX_DEPLOYMENT_TARGET = 10.15;
				MTL_ENABLE_DEBUG_INFO = INCLUDE_SOURCE;
				MTL_FAST_MATH = YES;
				ONLY_ACTIVE_ARCH = YES;
				SDKROOT = macosx;
				SWIFT_ACTIVE_COMPILATION_CONDITIONS = DEBUG;
				SWIFT_OPTIMIZATION_LEVEL = "-Onone";
			};
			name = Debug;
		};
		61176F5D2514FDDA0086209F /* Release */ = {
			isa = XCBuildConfiguration;
			buildSettings = {
				ALWAYS_SEARCH_USER_PATHS = NO;
				CLANG_ANALYZER_NONNULL = YES;
				CLANG_ANALYZER_NUMBER_OBJECT_CONVERSION = YES_AGGRESSIVE;
				CLANG_CXX_LANGUAGE_STANDARD = "gnu++14";
				CLANG_CXX_LIBRARY = "libc++";
				CLANG_ENABLE_MODULES = YES;
				CLANG_ENABLE_OBJC_ARC = YES;
				CLANG_ENABLE_OBJC_WEAK = YES;
				CLANG_WARN_BLOCK_CAPTURE_AUTORELEASING = YES;
				CLANG_WARN_BOOL_CONVERSION = YES;
				CLANG_WARN_COMMA = YES;
				CLANG_WARN_CONSTANT_CONVERSION = YES;
				CLANG_WARN_DEPRECATED_OBJC_IMPLEMENTATIONS = YES;
				CLANG_WARN_DIRECT_OBJC_ISA_USAGE = YES_ERROR;
				CLANG_WARN_DOCUMENTATION_COMMENTS = YES;
				CLANG_WARN_EMPTY_BODY = YES;
				CLANG_WARN_ENUM_CONVERSION = YES;
				CLANG_WARN_INFINITE_RECURSION = YES;
				CLANG_WARN_INT_CONVERSION = YES;
				CLANG_WARN_NON_LITERAL_NULL_CONVERSION = YES;
				CLANG_WARN_OBJC_IMPLICIT_RETAIN_SELF = YES;
				CLANG_WARN_OBJC_LITERAL_CONVERSION = YES;
				CLANG_WARN_OBJC_ROOT_CLASS = YES_ERROR;
				CLANG_WARN_QUOTED_INCLUDE_IN_FRAMEWORK_HEADER = YES;
				CLANG_WARN_RANGE_LOOP_ANALYSIS = YES;
				CLANG_WARN_STRICT_PROTOTYPES = YES;
				CLANG_WARN_SUSPICIOUS_MOVE = YES;
				CLANG_WARN_UNGUARDED_AVAILABILITY = YES_AGGRESSIVE;
				CLANG_WARN_UNREACHABLE_CODE = YES;
				CLANG_WARN__DUPLICATE_METHOD_MATCH = YES;
				COPY_PHASE_STRIP = NO;
				DEBUG_INFORMATION_FORMAT = "dwarf-with-dsym";
				ENABLE_NS_ASSERTIONS = NO;
				ENABLE_STRICT_OBJC_MSGSEND = YES;
				GCC_C_LANGUAGE_STANDARD = gnu11;
				GCC_NO_COMMON_BLOCKS = YES;
				GCC_WARN_64_TO_32_BIT_CONVERSION = YES;
				GCC_WARN_ABOUT_RETURN_TYPE = YES_ERROR;
				GCC_WARN_UNDECLARED_SELECTOR = YES;
				GCC_WARN_UNINITIALIZED_AUTOS = YES_AGGRESSIVE;
				GCC_WARN_UNUSED_FUNCTION = YES;
				GCC_WARN_UNUSED_VARIABLE = YES;
				MACOSX_DEPLOYMENT_TARGET = 10.15;
				MTL_ENABLE_DEBUG_INFO = NO;
				MTL_FAST_MATH = YES;
				SDKROOT = macosx;
				SWIFT_COMPILATION_MODE = wholemodule;
				SWIFT_OPTIMIZATION_LEVEL = "-O";
			};
			name = Release;
		};
		61176F5F2514FDDA0086209F /* Debug */ = {
			isa = XCBuildConfiguration;
			buildSettings = {
				CODE_SIGN_STYLE = Automatic;
				DEVELOPMENT_TEAM = C36U578Q4C;
				ENABLE_HARDENED_RUNTIME = YES;
				PRODUCT_NAME = "$(TARGET_NAME)";
				SWIFT_VERSION = 5.0;
			};
			name = Debug;
		};
		61176F602514FDDA0086209F /* Release */ = {
			isa = XCBuildConfiguration;
			buildSettings = {
				CODE_SIGN_STYLE = Automatic;
				DEVELOPMENT_TEAM = C36U578Q4C;
				ENABLE_HARDENED_RUNTIME = YES;
				PRODUCT_NAME = "$(TARGET_NAME)";
				SWIFT_VERSION = 5.0;
			};
			name = Release;
		};
		61176F95251500AB0086209F /* Debug */ = {
			isa = XCBuildConfiguration;
			buildSettings = {
				CODE_SIGN_STYLE = Automatic;
				COMBINE_HIDPI_IMAGES = YES;
				DEVELOPMENT_TEAM = C36U578Q4C;
				INFOPLIST_FILE = MergeSortTests/Info.plist;
				LD_RUNPATH_SEARCH_PATHS = (
					"$(inherited)",
					"@executable_path/../Frameworks",
					"@loader_path/../Frameworks",
				);
				PRODUCT_BUNDLE_IDENTIFIER = "-0.MergeSortTests";
				PRODUCT_NAME = "$(TARGET_NAME)";
				SWIFT_VERSION = 5.0;
			};
			name = Debug;
		};
		61176F96251500AB0086209F /* Release */ = {
			isa = XCBuildConfiguration;
			buildSettings = {
				CODE_SIGN_STYLE = Automatic;
				COMBINE_HIDPI_IMAGES = YES;
				DEVELOPMENT_TEAM = C36U578Q4C;
				INFOPLIST_FILE = MergeSortTests/Info.plist;
				LD_RUNPATH_SEARCH_PATHS = (
					"$(inherited)",
					"@executable_path/../Frameworks",
					"@loader_path/../Frameworks",
				);
				PRODUCT_BUNDLE_IDENTIFIER = "-0.MergeSortTests";
				PRODUCT_NAME = "$(TARGET_NAME)";
				SWIFT_VERSION = 5.0;
			};
			name = Release;
		};
/* End XCBuildConfiguration section */

/* Begin XCConfigurationList section */
		61176F522514FDDA0086209F /* Build configuration list for PBXProject "MergeSort" */ = {
			isa = XCConfigurationList;
			buildConfigurations = (
				61176F5C2514FDDA0086209F /* Debug */,
				61176F5D2514FDDA0086209F /* Release */,
			);
			defaultConfigurationIsVisible = 0;
			defaultConfigurationName = Release;
		};
		61176F5E2514FDDA0086209F /* Build configuration list for PBXNativeTarget "MergeSort" */ = {
			isa = XCConfigurationList;
			buildConfigurations = (
				61176F5F2514FDDA0086209F /* Debug */,
				61176F602514FDDA0086209F /* Release */,
			);
			defaultConfigurationIsVisible = 0;
			defaultConfigurationName = Release;
		};
		61176F94251500AB0086209F /* Build configuration list for PBXNativeTarget "MergeSortTests" */ = {
			isa = XCConfigurationList;
			buildConfigurations = (
				61176F95251500AB0086209F /* Debug */,
				61176F96251500AB0086209F /* Release */,
			);
			defaultConfigurationIsVisible = 0;
			defaultConfigurationName = Release;
		};
/* End XCConfigurationList section */
	};
	rootObject = 61176F4F2514FDDA0086209F /* Project object */;
}
